PODS:
  - Alamofire (5.9.0)
  - SDWebImage (5.19.2):
    - SDWebImage/Core (= 5.19.2)
  - SDWebImage/Core (5.19.2)

DEPENDENCIES:
  - Alamofire
  - SDWebImage (~> 5.0)

SPEC REPOS:
  trunk:
    - Alamofire
    - SDWebImage

SPEC CHECKSUMS:
  Alamofire: 02b772c9910e8eba1a079227c32fbd9e46c90a24
  SDWebImage: dfe95b2466a9823cf9f0c6d01217c06550d7b29a

PODFILE CHECKSUM: ecd14650cc7e7bc280f95ec2b211875b280344c8

COCOAPODS: 1.15.2
